// !$*UTF8*$!
{
	archiveVersion = 1;
	classes = {
	};
	objectVersion = 56;
	objects = {

/* Begin PBXBuildFile section */
		3FB73C6C2AE69BE500892419 /* ColorGenerator.swift in Sources */ = {isa = PBXBuildFile; fileRef = 3FB73C6B2AE69BE500892419 /* ColorGenerator.swift */; };
		3FB73C6F2AE9192400892419 /* CharacterGenerator.swift in Sources */ = {isa = PBXBuildFile; fileRef = 3FB73C6E2AE9192400892419 /* CharacterGenerator.swift */; };
		3FB73C752AEFC59B00892419 /* Assembly.swift in Sources */ = {isa = PBXBuildFile; fileRef = 3FB73C742AEFC59B00892419 /* Assembly.swift */; };
		3FB73C772AF9184F00892419 /* BaseCoordinator.swift in Sources */ = {isa = PBXBuildFile; fileRef = 3FB73C762AF9184F00892419 /* BaseCoordinator.swift */; };
		3FB73C792AF9193900892419 /* AppCoordinator.swift in Sources */ = {isa = PBXBuildFile; fileRef = 3FB73C782AF9193900892419 /* AppCoordinator.swift */; };
		3FB73C7D2AF922D600892419 /* AuthViewController.swift in Sources */ = {isa = PBXBuildFile; fileRef = 3FB73C7C2AF922D600892419 /* AuthViewController.swift */; };
		3FB73C7F2AF9230D00892419 /* AuthView.swift in Sources */ = {isa = PBXBuildFile; fileRef = 3FB73C7E2AF9230D00892419 /* AuthView.swift */; };
		3FB73C812AF9242700892419 /* AuthViewData.swift in Sources */ = {isa = PBXBuildFile; fileRef = 3FB73C802AF9242700892419 /* AuthViewData.swift */; };
		3FB73C832AF9245300892419 /* AuthDataProvider.swift in Sources */ = {isa = PBXBuildFile; fileRef = 3FB73C822AF9245300892419 /* AuthDataProvider.swift */; };
		3FB73C852AF9249200892419 /* AuthAssembly.swift in Sources */ = {isa = PBXBuildFile; fileRef = 3FB73C842AF9249200892419 /* AuthAssembly.swift */; };
		3FB73C872AF9261200892419 /* AuthCoordinator.swift in Sources */ = {isa = PBXBuildFile; fileRef = 3FB73C862AF9261200892419 /* AuthCoordinator.swift */; };
		3FB73C8A2AFD12A700892419 /* SplashDataProvider.swift in Sources */ = {isa = PBXBuildFile; fileRef = 3FB73C892AFD12A700892419 /* SplashDataProvider.swift */; };
		3FB73C8C2AFD12F600892419 /* SplashViewData.swift in Sources */ = {isa = PBXBuildFile; fileRef = 3FB73C8B2AFD12F600892419 /* SplashViewData.swift */; };
		3FB73C8E2AFD131C00892419 /* SplashView.swift in Sources */ = {isa = PBXBuildFile; fileRef = 3FB73C8D2AFD131C00892419 /* SplashView.swift */; };
		3FB73C902AFD137E00892419 /* SplashViewController.swift in Sources */ = {isa = PBXBuildFile; fileRef = 3FB73C8F2AFD137E00892419 /* SplashViewController.swift */; };
		3FB73C922AFD140E00892419 /* SplashCoordinator.swift in Sources */ = {isa = PBXBuildFile; fileRef = 3FB73C912AFD140E00892419 /* SplashCoordinator.swift */; };
		3FB73C942AFD145D00892419 /* SplashAssembly.swift in Sources */ = {isa = PBXBuildFile; fileRef = 3FB73C932AFD145D00892419 /* SplashAssembly.swift */; };
		3FB73C972AFE540300892419 /* RegistrationViewController.swift in Sources */ = {isa = PBXBuildFile; fileRef = 3FB73C962AFE540300892419 /* RegistrationViewController.swift */; };
		3FB73C992AFE544300892419 /* RegistrationDataProvider.swift in Sources */ = {isa = PBXBuildFile; fileRef = 3FB73C982AFE544300892419 /* RegistrationDataProvider.swift */; };
		3FB73C9B2AFE54B400892419 /* RegistrationViewData.swift in Sources */ = {isa = PBXBuildFile; fileRef = 3FB73C9A2AFE54B400892419 /* RegistrationViewData.swift */; };
		3FB73C9D2AFE54D900892419 /* RegistrationView.swift in Sources */ = {isa = PBXBuildFile; fileRef = 3FB73C9C2AFE54D900892419 /* RegistrationView.swift */; };
		3FB73C9F2AFE551D00892419 /* RegistrationCoordinator.swift in Sources */ = {isa = PBXBuildFile; fileRef = 3FB73C9E2AFE551D00892419 /* RegistrationCoordinator.swift */; };
		3FB73CA12AFE559800892419 /* RegistrationAssembly.swift in Sources */ = {isa = PBXBuildFile; fileRef = 3FB73CA02AFE559800892419 /* RegistrationAssembly.swift */; };
		3FB73CA42B02514D00892419 /* Location.swift in Sources */ = {isa = PBXBuildFile; fileRef = 3FB73CA32B02514D00892419 /* Location.swift */; };
		3FB73CA62B0259CF00892419 /* LocationsList.swift in Sources */ = {isa = PBXBuildFile; fileRef = 3FB73CA52B0259CF00892419 /* LocationsList.swift */; };
		3FB73CA82B025A3D00892419 /* TokenResponse.swift in Sources */ = {isa = PBXBuildFile; fileRef = 3FB73CA72B025A3D00892419 /* TokenResponse.swift */; };
		3FB73CAB2B025AF300892419 /* ApiClient.swift in Sources */ = {isa = PBXBuildFile; fileRef = 3FB73CAA2B025AF300892419 /* ApiClient.swift */; };
		3FB73CAD2B025B5F00892419 /* NetworkConstants.swift in Sources */ = {isa = PBXBuildFile; fileRef = 3FB73CAC2B025B5F00892419 /* NetworkConstants.swift */; };
		3FB73CAF2B025CB500892419 /* ApiError.swift in Sources */ = {isa = PBXBuildFile; fileRef = 3FB73CAE2B025CB500892419 /* ApiError.swift */; };
		3FB73CB12B02601100892419 /* AuthApiClient.swift in Sources */ = {isa = PBXBuildFile; fileRef = 3FB73CB02B02601100892419 /* AuthApiClient.swift */; };
		3FB73CCC2B06409600892419 /* BaseViewController.swift in Sources */ = {isa = PBXBuildFile; fileRef = 3FB73CCB2B06409500892419 /* BaseViewController.swift */; };
		3FB73CCF2B0642E700892419 /* AuthViewImp.xib in Resources */ = {isa = PBXBuildFile; fileRef = 3FB73CCE2B0642E700892419 /* AuthViewImp.xib */; };
		3FB73CDE2B0B615500892419 /* RegistrationViewImp.xib in Resources */ = {isa = PBXBuildFile; fileRef = 3FB73CDD2B0B615500892419 /* RegistrationViewImp.xib */; };
		3FD1F2AA2AE119EE00C8563F /* AppDelegate.swift in Sources */ = {isa = PBXBuildFile; fileRef = 3FD1F2A92AE119EE00C8563F /* AppDelegate.swift */; };
		3FD1F2AC2AE119EE00C8563F /* SceneDelegate.swift in Sources */ = {isa = PBXBuildFile; fileRef = 3FD1F2AB2AE119EE00C8563F /* SceneDelegate.swift */; };
		3FD1F2AE2AE119EE00C8563F /* ViewController.swift in Sources */ = {isa = PBXBuildFile; fileRef = 3FD1F2AD2AE119EE00C8563F /* ViewController.swift */; };
		3FD1F2B32AE119F200C8563F /* Assets.xcassets in Resources */ = {isa = PBXBuildFile; fileRef = 3FD1F2B22AE119F200C8563F /* Assets.xcassets */; };
		3FD1F2B62AE119F200C8563F /* LaunchScreen.storyboard in Resources */ = {isa = PBXBuildFile; fileRef = 3FD1F2B42AE119F200C8563F /* LaunchScreen.storyboard */; };
/* End PBXBuildFile section */

/* Begin PBXFileReference section */
		3FB73C6B2AE69BE500892419 /* ColorGenerator.swift */ = {isa = PBXFileReference; lastKnownFileType = sourcecode.swift; path = ColorGenerator.swift; sourceTree = "<group>"; };
		3FB73C6E2AE9192400892419 /* CharacterGenerator.swift */ = {isa = PBXFileReference; lastKnownFileType = sourcecode.swift; path = CharacterGenerator.swift; sourceTree = "<group>"; };
		3FB73C742AEFC59B00892419 /* Assembly.swift */ = {isa = PBXFileReference; lastKnownFileType = sourcecode.swift; name = Assembly.swift; path = ../Assembly.swift; sourceTree = "<group>"; };
		3FB73C762AF9184F00892419 /* BaseCoordinator.swift */ = {isa = PBXFileReference; lastKnownFileType = sourcecode.swift; path = BaseCoordinator.swift; sourceTree = "<group>"; };
		3FB73C782AF9193900892419 /* AppCoordinator.swift */ = {isa = PBXFileReference; lastKnownFileType = sourcecode.swift; path = AppCoordinator.swift; sourceTree = "<group>"; };
		3FB73C7C2AF922D600892419 /* AuthViewController.swift */ = {isa = PBXFileReference; lastKnownFileType = sourcecode.swift; path = AuthViewController.swift; sourceTree = "<group>"; };
		3FB73C7E2AF9230D00892419 /* AuthView.swift */ = {isa = PBXFileReference; lastKnownFileType = sourcecode.swift; path = AuthView.swift; sourceTree = "<group>"; };
		3FB73C802AF9242700892419 /* AuthViewData.swift */ = {isa = PBXFileReference; lastKnownFileType = sourcecode.swift; path = AuthViewData.swift; sourceTree = "<group>"; };
		3FB73C822AF9245300892419 /* AuthDataProvider.swift */ = {isa = PBXFileReference; lastKnownFileType = sourcecode.swift; path = AuthDataProvider.swift; sourceTree = "<group>"; };
		3FB73C842AF9249200892419 /* AuthAssembly.swift */ = {isa = PBXFileReference; lastKnownFileType = sourcecode.swift; path = AuthAssembly.swift; sourceTree = "<group>"; };
		3FB73C862AF9261200892419 /* AuthCoordinator.swift */ = {isa = PBXFileReference; lastKnownFileType = sourcecode.swift; path = AuthCoordinator.swift; sourceTree = "<group>"; };
		3FB73C892AFD12A700892419 /* SplashDataProvider.swift */ = {isa = PBXFileReference; lastKnownFileType = sourcecode.swift; path = SplashDataProvider.swift; sourceTree = "<group>"; };
		3FB73C8B2AFD12F600892419 /* SplashViewData.swift */ = {isa = PBXFileReference; lastKnownFileType = sourcecode.swift; path = SplashViewData.swift; sourceTree = "<group>"; };
		3FB73C8D2AFD131C00892419 /* SplashView.swift */ = {isa = PBXFileReference; lastKnownFileType = sourcecode.swift; path = SplashView.swift; sourceTree = "<group>"; };
		3FB73C8F2AFD137E00892419 /* SplashViewController.swift */ = {isa = PBXFileReference; lastKnownFileType = sourcecode.swift; path = SplashViewController.swift; sourceTree = "<group>"; };
		3FB73C912AFD140E00892419 /* SplashCoordinator.swift */ = {isa = PBXFileReference; lastKnownFileType = sourcecode.swift; path = SplashCoordinator.swift; sourceTree = "<group>"; };
		3FB73C932AFD145D00892419 /* SplashAssembly.swift */ = {isa = PBXFileReference; lastKnownFileType = sourcecode.swift; path = SplashAssembly.swift; sourceTree = "<group>"; };
		3FB73C962AFE540300892419 /* RegistrationViewController.swift */ = {isa = PBXFileReference; lastKnownFileType = sourcecode.swift; path = RegistrationViewController.swift; sourceTree = "<group>"; };
		3FB73C982AFE544300892419 /* RegistrationDataProvider.swift */ = {isa = PBXFileReference; lastKnownFileType = sourcecode.swift; path = RegistrationDataProvider.swift; sourceTree = "<group>"; };
		3FB73C9A2AFE54B400892419 /* RegistrationViewData.swift */ = {isa = PBXFileReference; lastKnownFileType = sourcecode.swift; path = RegistrationViewData.swift; sourceTree = "<group>"; };
		3FB73C9C2AFE54D900892419 /* RegistrationView.swift */ = {isa = PBXFileReference; lastKnownFileType = sourcecode.swift; path = RegistrationView.swift; sourceTree = "<group>"; };
		3FB73C9E2AFE551D00892419 /* RegistrationCoordinator.swift */ = {isa = PBXFileReference; lastKnownFileType = sourcecode.swift; path = RegistrationCoordinator.swift; sourceTree = "<group>"; };
		3FB73CA02AFE559800892419 /* RegistrationAssembly.swift */ = {isa = PBXFileReference; lastKnownFileType = sourcecode.swift; path = RegistrationAssembly.swift; sourceTree = "<group>"; };
		3FB73CA32B02514D00892419 /* Location.swift */ = {isa = PBXFileReference; lastKnownFileType = sourcecode.swift; path = Location.swift; sourceTree = "<group>"; };
		3FB73CA52B0259CF00892419 /* LocationsList.swift */ = {isa = PBXFileReference; lastKnownFileType = sourcecode.swift; path = LocationsList.swift; sourceTree = "<group>"; };
		3FB73CA72B025A3D00892419 /* TokenResponse.swift */ = {isa = PBXFileReference; lastKnownFileType = sourcecode.swift; path = TokenResponse.swift; sourceTree = "<group>"; };
		3FB73CAA2B025AF300892419 /* ApiClient.swift */ = {isa = PBXFileReference; lastKnownFileType = sourcecode.swift; path = ApiClient.swift; sourceTree = "<group>"; };
		3FB73CAC2B025B5F00892419 /* NetworkConstants.swift */ = {isa = PBXFileReference; lastKnownFileType = sourcecode.swift; path = NetworkConstants.swift; sourceTree = "<group>"; };
		3FB73CAE2B025CB500892419 /* ApiError.swift */ = {isa = PBXFileReference; lastKnownFileType = sourcecode.swift; path = ApiError.swift; sourceTree = "<group>"; };
		3FB73CB02B02601100892419 /* AuthApiClient.swift */ = {isa = PBXFileReference; lastKnownFileType = sourcecode.swift; path = AuthApiClient.swift; sourceTree = "<group>"; };
		3FB73CCB2B06409500892419 /* BaseViewController.swift */ = {isa = PBXFileReference; lastKnownFileType = sourcecode.swift; path = BaseViewController.swift; sourceTree = "<group>"; };
		3FB73CCE2B0642E700892419 /* AuthViewImp.xib */ = {isa = PBXFileReference; lastKnownFileType = file.xib; path = AuthViewImp.xib; sourceTree = "<group>"; };
		3FB73CDD2B0B615500892419 /* RegistrationViewImp.xib */ = {isa = PBXFileReference; lastKnownFileType = file.xib; path = RegistrationViewImp.xib; sourceTree = "<group>"; };
		3FD1F2A62AE119EE00C8563F /* iosSchool_HH.app */ = {isa = PBXFileReference; explicitFileType = wrapper.application; includeInIndex = 0; path = iosSchool_HH.app; sourceTree = BUILT_PRODUCTS_DIR; };
		3FD1F2A92AE119EE00C8563F /* AppDelegate.swift */ = {isa = PBXFileReference; lastKnownFileType = sourcecode.swift; path = AppDelegate.swift; sourceTree = "<group>"; };
		3FD1F2AB2AE119EE00C8563F /* SceneDelegate.swift */ = {isa = PBXFileReference; lastKnownFileType = sourcecode.swift; path = SceneDelegate.swift; sourceTree = "<group>"; };
		3FD1F2AD2AE119EE00C8563F /* ViewController.swift */ = {isa = PBXFileReference; lastKnownFileType = sourcecode.swift; path = ViewController.swift; sourceTree = "<group>"; };
		3FD1F2B22AE119F200C8563F /* Assets.xcassets */ = {isa = PBXFileReference; lastKnownFileType = folder.assetcatalog; path = Assets.xcassets; sourceTree = "<group>"; };
		3FD1F2B52AE119F200C8563F /* Base */ = {isa = PBXFileReference; lastKnownFileType = file.storyboard; name = Base; path = Base.lproj/LaunchScreen.storyboard; sourceTree = "<group>"; };
		3FD1F2B72AE119F200C8563F /* Info.plist */ = {isa = PBXFileReference; lastKnownFileType = text.plist.xml; path = Info.plist; sourceTree = "<group>"; };
/* End PBXFileReference section */

/* Begin PBXFrameworksBuildPhase section */
		3FD1F2A32AE119EE00C8563F /* Frameworks */ = {
			isa = PBXFrameworksBuildPhase;
			buildActionMask = 2147483647;
			files = (
			);
			runOnlyForDeploymentPostprocessing = 0;
		};
/* End PBXFrameworksBuildPhase section */

/* Begin PBXGroup section */
		3FB73C7A2AF9222B00892419 /* Modules */ = {
			isa = PBXGroup;
			children = (
				3FB73C952AFE53DF00892419 /* Registration */,
				3FB73C882AFD128100892419 /* Splash */,
				3FB73C7B2AF9225500892419 /* Auth */,
			);
			path = Modules;
			sourceTree = "<group>";
		};
		3FB73C7B2AF9225500892419 /* Auth */ = {
			isa = PBXGroup;
			children = (
				3FB73CCD2B0642C200892419 /* Subviews */,
				3FB73C7C2AF922D600892419 /* AuthViewController.swift */,
				3FB73C7E2AF9230D00892419 /* AuthView.swift */,
				3FB73C802AF9242700892419 /* AuthViewData.swift */,
				3FB73C822AF9245300892419 /* AuthDataProvider.swift */,
				3FB73C842AF9249200892419 /* AuthAssembly.swift */,
				3FB73C862AF9261200892419 /* AuthCoordinator.swift */,
			);
			path = Auth;
			sourceTree = "<group>";
		};
		3FB73C882AFD128100892419 /* Splash */ = {
			isa = PBXGroup;
			children = (
				3FB73C892AFD12A700892419 /* SplashDataProvider.swift */,
				3FB73C8B2AFD12F600892419 /* SplashViewData.swift */,
				3FB73C8D2AFD131C00892419 /* SplashView.swift */,
				3FB73C8F2AFD137E00892419 /* SplashViewController.swift */,
				3FB73C912AFD140E00892419 /* SplashCoordinator.swift */,
				3FB73C932AFD145D00892419 /* SplashAssembly.swift */,
			);
			path = Splash;
			sourceTree = "<group>";
		};
		3FB73C952AFE53DF00892419 /* Registration */ = {
			isa = PBXGroup;
			children = (
				3FB73CDA2B0B5DF100892419 /* Subviews */,
				3FB73C962AFE540300892419 /* RegistrationViewController.swift */,
				3FB73C982AFE544300892419 /* RegistrationDataProvider.swift */,
				3FB73C9A2AFE54B400892419 /* RegistrationViewData.swift */,
				3FB73C9C2AFE54D900892419 /* RegistrationView.swift */,
				3FB73C9E2AFE551D00892419 /* RegistrationCoordinator.swift */,
				3FB73CA02AFE559800892419 /* RegistrationAssembly.swift */,
			);
			path = Registration;
			sourceTree = "<group>";
		};
		3FB73CA22B02511600892419 /* Models */ = {
			isa = PBXGroup;
			children = (
				3FB73CA32B02514D00892419 /* Location.swift */,
				3FB73CA52B0259CF00892419 /* LocationsList.swift */,
				3FB73CA72B025A3D00892419 /* TokenResponse.swift */,
			);
			path = Models;
			sourceTree = "<group>";
		};
		3FB73CA92B025AE200892419 /* ApiClient */ = {
			isa = PBXGroup;
			children = (
				3FB73CAA2B025AF300892419 /* ApiClient.swift */,
				3FB73CAC2B025B5F00892419 /* NetworkConstants.swift */,
				3FB73CAE2B025CB500892419 /* ApiError.swift */,
				3FB73CB02B02601100892419 /* AuthApiClient.swift */,
			);
			path = ApiClient;
			sourceTree = "<group>";
		};
		3FB73CB22B026B6600892419 /* Locations */ = {
			isa = PBXGroup;
			children = (
			);
			path = Locations;
			sourceTree = "<group>";
		};
		3FB73CB32B026B6F00892419 /* Characters */ = {
			isa = PBXGroup;
			children = (
			);
			path = Characters;
			sourceTree = "<group>";
		};
		3FB73CCA2B06406A00892419 /* Common */ = {
			isa = PBXGroup;
			children = (
				3FB73C762AF9184F00892419 /* BaseCoordinator.swift */,
				3FB73CCB2B06409500892419 /* BaseViewController.swift */,
			);
			path = Common;
			sourceTree = "<group>";
		};
		3FB73CCD2B0642C200892419 /* Subviews */ = {
			isa = PBXGroup;
			children = (
				3FB73CCE2B0642E700892419 /* AuthViewImp.xib */,
			);
			path = Subviews;
			sourceTree = "<group>";
		};
		3FB73CDA2B0B5DF100892419 /* Subviews */ = {
			isa = PBXGroup;
			children = (
				3FB73CDD2B0B615500892419 /* RegistrationViewImp.xib */,
			);
			path = Subviews;
			sourceTree = "<group>";
		};
		3FD1F29D2AE119EE00C8563F = {
			isa = PBXGroup;
			children = (
				3FD1F2A82AE119EE00C8563F /* iosSchool_HH */,
				3FD1F2A72AE119EE00C8563F /* Products */,
			);
			sourceTree = "<group>";
		};
		3FD1F2A72AE119EE00C8563F /* Products */ = {
			isa = PBXGroup;
			children = (
				3FD1F2A62AE119EE00C8563F /* iosSchool_HH.app */,
			);
			name = Products;
			sourceTree = "<group>";
		};
		3FD1F2A82AE119EE00C8563F /* iosSchool_HH */ = {
			isa = PBXGroup;
			children = (
				3FB73CCA2B06406A00892419 /* Common */,
				3FB73CB32B026B6F00892419 /* Characters */,
				3FB73CB22B026B6600892419 /* Locations */,
				3FB73CA92B025AE200892419 /* ApiClient */,
				3FB73CA22B02511600892419 /* Models */,
				3FB73C7A2AF9222B00892419 /* Modules */,
				3FB73C6B2AE69BE500892419 /* ColorGenerator.swift */,
				3FD1F2A92AE119EE00C8563F /* AppDelegate.swift */,
				3FD1F2AB2AE119EE00C8563F /* SceneDelegate.swift */,
				3FD1F2AD2AE119EE00C8563F /* ViewController.swift */,
				3FB73C6E2AE9192400892419 /* CharacterGenerator.swift */,
				3FD1F2B22AE119F200C8563F /* Assets.xcassets */,
				3FD1F2B42AE119F200C8563F /* LaunchScreen.storyboard */,
				3FD1F2B72AE119F200C8563F /* Info.plist */,
				3FB73C742AEFC59B00892419 /* Assembly.swift */,
				3FB73C782AF9193900892419 /* AppCoordinator.swift */,
			);
			path = iosSchool_HH;
			sourceTree = "<group>";
		};
/* End PBXGroup section */

/* Begin PBXNativeTarget section */
		3FD1F2A52AE119EE00C8563F /* iosSchool_HH */ = {
			isa = PBXNativeTarget;
			buildConfigurationList = 3FD1F2BA2AE119F200C8563F /* Build configuration list for PBXNativeTarget "iosSchool_HH" */;
			buildPhases = (
				3FD1F2A22AE119EE00C8563F /* Sources */,
				3FD1F2A32AE119EE00C8563F /* Frameworks */,
				3FD1F2A42AE119EE00C8563F /* Resources */,
				3FB73C6D2AE6AB0400892419 /* SwiftLint */,
			);
			buildRules = (
			);
			dependencies = (
			);
			name = iosSchool_HH;
			productName = iosSchool_HH;
			productReference = 3FD1F2A62AE119EE00C8563F /* iosSchool_HH.app */;
			productType = "com.apple.product-type.application";
		};
/* End PBXNativeTarget section */

/* Begin PBXProject section */
		3FD1F29E2AE119EE00C8563F /* Project object */ = {
			isa = PBXProject;
			attributes = {
				BuildIndependentTargetsInParallel = 1;
				LastSwiftUpdateCheck = 1500;
				LastUpgradeCheck = 1500;
				TargetAttributes = {
					3FD1F2A52AE119EE00C8563F = {
						CreatedOnToolsVersion = 15.0;
					};
				};
			};
			buildConfigurationList = 3FD1F2A12AE119EE00C8563F /* Build configuration list for PBXProject "iosSchool_HH" */;
			compatibilityVersion = "Xcode 14.0";
			developmentRegion = en;
			hasScannedForEncodings = 0;
			knownRegions = (
				en,
				Base,
			);
			mainGroup = 3FD1F29D2AE119EE00C8563F;
			productRefGroup = 3FD1F2A72AE119EE00C8563F /* Products */;
			projectDirPath = "";
			projectRoot = "";
			targets = (
				3FD1F2A52AE119EE00C8563F /* iosSchool_HH */,
			);
		};
/* End PBXProject section */

/* Begin PBXResourcesBuildPhase section */
		3FD1F2A42AE119EE00C8563F /* Resources */ = {
			isa = PBXResourcesBuildPhase;
			buildActionMask = 2147483647;
			files = (
				3FB73CDE2B0B615500892419 /* RegistrationViewImp.xib in Resources */,
				3FD1F2B62AE119F200C8563F /* LaunchScreen.storyboard in Resources */,
				3FD1F2B32AE119F200C8563F /* Assets.xcassets in Resources */,
				3FB73CCF2B0642E700892419 /* AuthViewImp.xib in Resources */,
			);
			runOnlyForDeploymentPostprocessing = 0;
		};
/* End PBXResourcesBuildPhase section */

/* Begin PBXShellScriptBuildPhase section */
		3FB73C6D2AE6AB0400892419 /* SwiftLint */ = {
			isa = PBXShellScriptBuildPhase;
			buildActionMask = 2147483647;
			files = (
			);
			inputFileListPaths = (
			);
			inputPaths = (
			);
			name = SwiftLint;
			outputFileListPaths = (
			);
			outputPaths = (
			);
			runOnlyForDeploymentPostprocessing = 0;
			shellPath = /bin/sh;
			shellScript = "if which swiftlint > /dev/null; then\n  swiftlint\nelse\n  echo \"warning: SwiftLint not installed\"\nfi\n";
			showEnvVarsInLog = 0;
		};
/* End PBXShellScriptBuildPhase section */

/* Begin PBXSourcesBuildPhase section */
		3FD1F2A22AE119EE00C8563F /* Sources */ = {
			isa = PBXSourcesBuildPhase;
			buildActionMask = 2147483647;
			files = (
				3FD1F2AE2AE119EE00C8563F /* ViewController.swift in Sources */,
				3FB73C752AEFC59B00892419 /* Assembly.swift in Sources */,
				3FB73C8E2AFD131C00892419 /* SplashView.swift in Sources */,
				3FB73CB12B02601100892419 /* AuthApiClient.swift in Sources */,
				3FB73CAD2B025B5F00892419 /* NetworkConstants.swift in Sources */,
				3FB73C902AFD137E00892419 /* SplashViewController.swift in Sources */,
				3FB73C6C2AE69BE500892419 /* ColorGenerator.swift in Sources */,
				3FB73CCC2B06409600892419 /* BaseViewController.swift in Sources */,
				3FB73C922AFD140E00892419 /* SplashCoordinator.swift in Sources */,
				3FB73C7D2AF922D600892419 /* AuthViewController.swift in Sources */,
				3FB73C872AF9261200892419 /* AuthCoordinator.swift in Sources */,
				3FB73C9F2AFE551D00892419 /* RegistrationCoordinator.swift in Sources */,
				3FD1F2AA2AE119EE00C8563F /* AppDelegate.swift in Sources */,
				3FB73C992AFE544300892419 /* RegistrationDataProvider.swift in Sources */,
				3FB73C792AF9193900892419 /* AppCoordinator.swift in Sources */,
				3FB73CAF2B025CB500892419 /* ApiError.swift in Sources */,
				3FB73C812AF9242700892419 /* AuthViewData.swift in Sources */,
				3FB73CA82B025A3D00892419 /* TokenResponse.swift in Sources */,
				3FB73C7F2AF9230D00892419 /* AuthView.swift in Sources */,
				3FB73C832AF9245300892419 /* AuthDataProvider.swift in Sources */,
				3FB73C772AF9184F00892419 /* BaseCoordinator.swift in Sources */,
				3FB73C9D2AFE54D900892419 /* RegistrationView.swift in Sources */,
				3FB73C9B2AFE54B400892419 /* RegistrationViewData.swift in Sources */,
				3FB73CA42B02514D00892419 /* Location.swift in Sources */,
				3FB73C6F2AE9192400892419 /* CharacterGenerator.swift in Sources */,
				3FD1F2AC2AE119EE00C8563F /* SceneDelegate.swift in Sources */,
				3FB73C852AF9249200892419 /* AuthAssembly.swift in Sources */,
				3FB73CA62B0259CF00892419 /* LocationsList.swift in Sources */,
				3FB73C8A2AFD12A700892419 /* SplashDataProvider.swift in Sources */,
				3FB73CA12AFE559800892419 /* RegistrationAssembly.swift in Sources */,
				3FB73C972AFE540300892419 /* RegistrationViewController.swift in Sources */,
				3FB73C942AFD145D00892419 /* SplashAssembly.swift in Sources */,
				3FB73C8C2AFD12F600892419 /* SplashViewData.swift in Sources */,
				3FB73CAB2B025AF300892419 /* ApiClient.swift in Sources */,
			);
			runOnlyForDeploymentPostprocessing = 0;
		};
/* End PBXSourcesBuildPhase section */

/* Begin PBXVariantGroup section */
		3FD1F2B42AE119F200C8563F /* LaunchScreen.storyboard */ = {
			isa = PBXVariantGroup;
			children = (
				3FD1F2B52AE119F200C8563F /* Base */,
			);
			name = LaunchScreen.storyboard;
			sourceTree = "<group>";
		};
/* End PBXVariantGroup section */

/* Begin XCBuildConfiguration section */
		3FD1F2B82AE119F200C8563F /* Debug */ = {
			isa = XCBuildConfiguration;
			buildSettings = {
				ALWAYS_SEARCH_USER_PATHS = NO;
				ASSETCATALOG_COMPILER_GENERATE_SWIFT_ASSET_SYMBOL_EXTENSIONS = YES;
				CLANG_ANALYZER_NONNULL = YES;
				CLANG_ANALYZER_NUMBER_OBJECT_CONVERSION = YES_AGGRESSIVE;
				CLANG_CXX_LANGUAGE_STANDARD = "gnu++20";
				CLANG_ENABLE_MODULES = YES;
				CLANG_ENABLE_OBJC_ARC = YES;
				CLANG_ENABLE_OBJC_WEAK = YES;
				CLANG_WARN_BLOCK_CAPTURE_AUTORELEASING = YES;
				CLANG_WARN_BOOL_CONVERSION = YES;
				CLANG_WARN_COMMA = YES;
				CLANG_WARN_CONSTANT_CONVERSION = YES;
				CLANG_WARN_DEPRECATED_OBJC_IMPLEMENTATIONS = YES;
				CLANG_WARN_DIRECT_OBJC_ISA_USAGE = YES_ERROR;
				CLANG_WARN_DOCUMENTATION_COMMENTS = YES;
				CLANG_WARN_EMPTY_BODY = YES;
				CLANG_WARN_ENUM_CONVERSION = YES;
				CLANG_WARN_INFINITE_RECURSION = YES;
				CLANG_WARN_INT_CONVERSION = YES;
				CLANG_WARN_NON_LITERAL_NULL_CONVERSION = YES;
				CLANG_WARN_OBJC_IMPLICIT_RETAIN_SELF = YES;
				CLANG_WARN_OBJC_LITERAL_CONVERSION = YES;
				CLANG_WARN_OBJC_ROOT_CLASS = YES_ERROR;
				CLANG_WARN_QUOTED_INCLUDE_IN_FRAMEWORK_HEADER = YES;
				CLANG_WARN_RANGE_LOOP_ANALYSIS = YES;
				CLANG_WARN_STRICT_PROTOTYPES = YES;
				CLANG_WARN_SUSPICIOUS_MOVE = YES;
				CLANG_WARN_UNGUARDED_AVAILABILITY = YES_AGGRESSIVE;
				CLANG_WARN_UNREACHABLE_CODE = YES;
				CLANG_WARN__DUPLICATE_METHOD_MATCH = YES;
				COPY_PHASE_STRIP = NO;
				DEBUG_INFORMATION_FORMAT = dwarf;
				ENABLE_STRICT_OBJC_MSGSEND = YES;
				ENABLE_TESTABILITY = YES;
				ENABLE_USER_SCRIPT_SANDBOXING = YES;
				GCC_C_LANGUAGE_STANDARD = gnu17;
				GCC_DYNAMIC_NO_PIC = NO;
				GCC_NO_COMMON_BLOCKS = YES;
				GCC_OPTIMIZATION_LEVEL = 0;
				GCC_PREPROCESSOR_DEFINITIONS = (
					"DEBUG=1",
					"$(inherited)",
				);
				GCC_WARN_64_TO_32_BIT_CONVERSION = YES;
				GCC_WARN_ABOUT_RETURN_TYPE = YES_ERROR;
				GCC_WARN_UNDECLARED_SELECTOR = YES;
				GCC_WARN_UNINITIALIZED_AUTOS = YES_AGGRESSIVE;
				GCC_WARN_UNUSED_FUNCTION = YES;
				GCC_WARN_UNUSED_VARIABLE = YES;
				IPHONEOS_DEPLOYMENT_TARGET = 17.0;
				LOCALIZATION_PREFERS_STRING_CATALOGS = YES;
				MTL_ENABLE_DEBUG_INFO = INCLUDE_SOURCE;
				MTL_FAST_MATH = YES;
				ONLY_ACTIVE_ARCH = YES;
				SDKROOT = iphoneos;
				SWIFT_ACTIVE_COMPILATION_CONDITIONS = "DEBUG $(inherited)";
				SWIFT_OPTIMIZATION_LEVEL = "-Onone";
			};
			name = Debug;
		};
		3FD1F2B92AE119F200C8563F /* Release */ = {
			isa = XCBuildConfiguration;
			buildSettings = {
				ALWAYS_SEARCH_USER_PATHS = NO;
				ASSETCATALOG_COMPILER_GENERATE_SWIFT_ASSET_SYMBOL_EXTENSIONS = YES;
				CLANG_ANALYZER_NONNULL = YES;
				CLANG_ANALYZER_NUMBER_OBJECT_CONVERSION = YES_AGGRESSIVE;
				CLANG_CXX_LANGUAGE_STANDARD = "gnu++20";
				CLANG_ENABLE_MODULES = YES;
				CLANG_ENABLE_OBJC_ARC = YES;
				CLANG_ENABLE_OBJC_WEAK = YES;
				CLANG_WARN_BLOCK_CAPTURE_AUTORELEASING = YES;
				CLANG_WARN_BOOL_CONVERSION = YES;
				CLANG_WARN_COMMA = YES;
				CLANG_WARN_CONSTANT_CONVERSION = YES;
				CLANG_WARN_DEPRECATED_OBJC_IMPLEMENTATIONS = YES;
				CLANG_WARN_DIRECT_OBJC_ISA_USAGE = YES_ERROR;
				CLANG_WARN_DOCUMENTATION_COMMENTS = YES;
				CLANG_WARN_EMPTY_BODY = YES;
				CLANG_WARN_ENUM_CONVERSION = YES;
				CLANG_WARN_INFINITE_RECURSION = YES;
				CLANG_WARN_INT_CONVERSION = YES;
				CLANG_WARN_NON_LITERAL_NULL_CONVERSION = YES;
				CLANG_WARN_OBJC_IMPLICIT_RETAIN_SELF = YES;
				CLANG_WARN_OBJC_LITERAL_CONVERSION = YES;
				CLANG_WARN_OBJC_ROOT_CLASS = YES_ERROR;
				CLANG_WARN_QUOTED_INCLUDE_IN_FRAMEWORK_HEADER = YES;
				CLANG_WARN_RANGE_LOOP_ANALYSIS = YES;
				CLANG_WARN_STRICT_PROTOTYPES = YES;
				CLANG_WARN_SUSPICIOUS_MOVE = YES;
				CLANG_WARN_UNGUARDED_AVAILABILITY = YES_AGGRESSIVE;
				CLANG_WARN_UNREACHABLE_CODE = YES;
				CLANG_WARN__DUPLICATE_METHOD_MATCH = YES;
				COPY_PHASE_STRIP = NO;
				DEBUG_INFORMATION_FORMAT = "dwarf-with-dsym";
				ENABLE_NS_ASSERTIONS = NO;
				ENABLE_STRICT_OBJC_MSGSEND = YES;
				ENABLE_USER_SCRIPT_SANDBOXING = YES;
				GCC_C_LANGUAGE_STANDARD = gnu17;
				GCC_NO_COMMON_BLOCKS = YES;
				GCC_WARN_64_TO_32_BIT_CONVERSION = YES;
				GCC_WARN_ABOUT_RETURN_TYPE = YES_ERROR;
				GCC_WARN_UNDECLARED_SELECTOR = YES;
				GCC_WARN_UNINITIALIZED_AUTOS = YES_AGGRESSIVE;
				GCC_WARN_UNUSED_FUNCTION = YES;
				GCC_WARN_UNUSED_VARIABLE = YES;
				IPHONEOS_DEPLOYMENT_TARGET = 17.0;
				LOCALIZATION_PREFERS_STRING_CATALOGS = YES;
				MTL_ENABLE_DEBUG_INFO = NO;
				MTL_FAST_MATH = YES;
				SDKROOT = iphoneos;
				SWIFT_COMPILATION_MODE = wholemodule;
				VALIDATE_PRODUCT = YES;
			};
			name = Release;
		};
		3FD1F2BB2AE119F200C8563F /* Debug */ = {
			isa = XCBuildConfiguration;
			buildSettings = {
				ASSETCATALOG_COMPILER_APPICON_NAME = AppIcon;
				ASSETCATALOG_COMPILER_GLOBAL_ACCENT_COLOR_NAME = AccentColor;
				CODE_SIGN_STYLE = Automatic;
				CURRENT_PROJECT_VERSION = 1;
				DEVELOPMENT_TEAM = 566CK6UUTC;
				ENABLE_USER_SCRIPT_SANDBOXING = NO;
				GENERATE_INFOPLIST_FILE = YES;
				INFOPLIST_FILE = iosSchool_HH/Info.plist;
				INFOPLIST_KEY_UIApplicationSupportsIndirectInputEvents = YES;
				INFOPLIST_KEY_UILaunchStoryboardName = LaunchScreen;
				INFOPLIST_KEY_UISupportedInterfaceOrientations_iPad = "UIInterfaceOrientationPortrait UIInterfaceOrientationPortraitUpsideDown UIInterfaceOrientationLandscapeLeft UIInterfaceOrientationLandscapeRight";
				INFOPLIST_KEY_UISupportedInterfaceOrientations_iPhone = "UIInterfaceOrientationPortrait UIInterfaceOrientationLandscapeLeft UIInterfaceOrientationLandscapeRight";
				LD_RUNPATH_SEARCH_PATHS = (
					"$(inherited)",
					"@executable_path/Frameworks",
				);
				MARKETING_VERSION = 1.0;
				PRODUCT_BUNDLE_IDENTIFIER = "ios.iosSchool-HH";
				PRODUCT_NAME = "$(TARGET_NAME)";
				SWIFT_EMIT_LOC_STRINGS = YES;
				SWIFT_VERSION = 5.0;
				TARGETED_DEVICE_FAMILY = "1,2";
			};
			name = Debug;
		};
		3FD1F2BC2AE119F200C8563F /* Release */ = {
			isa = XCBuildConfiguration;
			buildSettings = {
				ASSETCATALOG_COMPILER_APPICON_NAME = AppIcon;
				ASSETCATALOG_COMPILER_GLOBAL_ACCENT_COLOR_NAME = AccentColor;
				CODE_SIGN_STYLE = Automatic;
				CURRENT_PROJECT_VERSION = 1;
				DEVELOPMENT_TEAM = 566CK6UUTC;
				ENABLE_USER_SCRIPT_SANDBOXING = NO;
				GENERATE_INFOPLIST_FILE = YES;
				INFOPLIST_FILE = iosSchool_HH/Info.plist;
				INFOPLIST_KEY_UIApplicationSupportsIndirectInputEvents = YES;
				INFOPLIST_KEY_UILaunchStoryboardName = LaunchScreen;
				INFOPLIST_KEY_UISupportedInterfaceOrientations_iPad = "UIInterfaceOrientationPortrait UIInterfaceOrientationPortraitUpsideDown UIInterfaceOrientationLandscapeLeft UIInterfaceOrientationLandscapeRight";
				INFOPLIST_KEY_UISupportedInterfaceOrientations_iPhone = "UIInterfaceOrientationPortrait UIInterfaceOrientationLandscapeLeft UIInterfaceOrientationLandscapeRight";
				LD_RUNPATH_SEARCH_PATHS = (
					"$(inherited)",
					"@executable_path/Frameworks",
				);
				MARKETING_VERSION = 1.0;
				PRODUCT_BUNDLE_IDENTIFIER = "ios.iosSchool-HH";
				PRODUCT_NAME = "$(TARGET_NAME)";
				SWIFT_EMIT_LOC_STRINGS = YES;
				SWIFT_VERSION = 5.0;
				TARGETED_DEVICE_FAMILY = "1,2";
			};
			name = Release;
		};
/* End XCBuildConfiguration section */

/* Begin XCConfigurationList section */
		3FD1F2A12AE119EE00C8563F /* Build configuration list for PBXProject "iosSchool_HH" */ = {
			isa = XCConfigurationList;
			buildConfigurations = (
				3FD1F2B82AE119F200C8563F /* Debug */,
				3FD1F2B92AE119F200C8563F /* Release */,
			);
			defaultConfigurationIsVisible = 0;
			defaultConfigurationName = Release;
		};
		3FD1F2BA2AE119F200C8563F /* Build configuration list for PBXNativeTarget "iosSchool_HH" */ = {
			isa = XCConfigurationList;
			buildConfigurations = (
				3FD1F2BB2AE119F200C8563F /* Debug */,
				3FD1F2BC2AE119F200C8563F /* Release */,
			);
			defaultConfigurationIsVisible = 0;
			defaultConfigurationName = Release;
		};
/* End XCConfigurationList section */
	};
	rootObject = 3FD1F29E2AE119EE00C8563F /* Project object */;
}
